<?xml version="1.0" encoding="utf-8"?>
<Project ToolsVersion="4.0" xmlns="http://schemas.microsoft.com/developer/msbuild/2003">
  <ItemGroup>
    <ClCompile Include="CookingStation\Core\AudioEngine.cpp" />
    <ClCompile Include="CookingStation\Layers\GuiLayer\Font.cpp" />
    <ClCompile Include="CookingStation\Layers\GuiLayer\GameGuiLayer.cpp" />
    <ClCompile Include="CookingStation\Math\Geometry.cpp" />
    <ClCompile Include="CookingStation\miniaudio_impl.cpp" />
    <ClCompile Include="CookingStation\Renderer\Buffer.cpp" />
    <ClCompile Include="CookingStation\Layers\AssetLayer\AssetManager.cpp" />
    <ClCompile Include="CookingStation\Layers\AssetLayer\AssetLayer.cpp" />
    <ClCompile Include="CookingStation\Core\Application.cpp" />
    <ClCompile Include="CookingStation\Renderer\Framebuffer.cpp" />
    <ClCompile Include="CookingStation\Scene\PrefabSerializer.h" />
    <ClCompile Include="CookingStation\Scene\SceneSerializer.cpp" />
    <ClCompile Include="CookingStation\Layers\CameraLayer\CameraLayer.cpp" />
    <ClCompile Include="CookingStation\stb_image_impl.cpp" />
    <ClCompile Include="CookingStation\Scene\ecs.cpp" />
    <ClCompile Include="CookingStation\Layers\EditorLayer\EditorLayer.cpp" />
    <ClCompile Include="CookingStation\Layers\GameLayer\GameLayer.cpp" />
    <ClCompile Include="CookingStation\Tools\QuestGenerator\QuestManager.cpp" />
    <ClCompile Include="gettingStarted.cpp" />
    <ClCompile Include="glad.c" />
    <ClCompile Include="CookingStation\Core\Input.cpp" />
    <ClCompile Include="CookingStation\Core\Layer.cpp" />
    <ClCompile Include="CookingStation\main.cpp" />
    <ClCompile Include="CookingStation\Core\Window.cpp" />
    <ClCompile Include="CookingStation\Scene\Scene.cpp" />
    <ClCompile Include="CookingStation\Renderer\VertexArray.cpp" />
    <ClCompile Include="CookingStation\Renderer\RenderCommand.cpp" />
    <ClCompile Include="CookingStation\Renderer\Renderer.cpp" />
    <ClCompile Include="CookingStation\Layers\GuiLayer\Gui.cpp" />
    <ClCompile Include="CookingStation\Layers\GuiLayer\Renderer2D.cpp" />
    <ClCompile Include="CookingStation\Layers\GuiLayer\EditorGuiLayer.cpp" />
    <ClCompile Include="CookingStation\Renderer\ShaderLibrary.cpp" />
    <ClCompile Include="CookingStation\Layers\RenderLayer\RendererLayer.cpp" />
    <ClCompile Include="CookingStation\Scene\SceneManager.cpp" />
    <ClCompile Include="CookingStation\Layers\HudLayer\HUDLayer.cpp" />
    <ClCompile Include="CookingStation\Scripts\src\PlateSpawnerScript.cpp" />
    <ClCompile Include="CookingStation\Core\Texture.cpp" />
    <ClCompile Include="CookingStation\Core\VFS\PhysicalFileSystem.h" />
    <ClCompile Include="CookingStation\Renderer\Texture2D.cpp" />
    <ClCompile Include="CookingStation\Scripts\src\DeliveryCarScript.cpp" />
    <ClCompile Include="CookingStation\Scripts\src\GameManagerScript.cpp" />
    <ClCompile Include="CookingStation\Scripts\src\PackageScript.cpp" />
  </ItemGroup>
  <ItemGroup>
    <ClInclude Include="CookingStation\Core\AudioEngine.h" />
    <ClInclude Include="CookingStation\Core\GridSystem.h" />
    <ClInclude Include="CookingStation\Core\Physics.h" />
    <ClInclude Include="CookingStation\Core\Texture.h" />
    <ClInclude Include="CookingStation\Core\Timestep.h" />
    <ClInclude Include="CookingStation\Events\EditorEvents.h" />
    <ClInclude Include="CookingStation\Layers\EditorLayer\Command.h" />
    <ClInclude Include="CookingStation\Layers\EditorLayer\CommandHistory.h" />
    <ClInclude Include="CookingStation\Layers\EditorLayer\CreateEntityCommand.h" />
    <ClInclude Include="CookingStation\Layers\EditorLayer\MoveEntityCommand.h" />
    <ClInclude Include="CookingStation\Layers\GuiLayer\GameGuiLayer.h" />
    <ClInclude Include="CookingStation\Math\Geometry.h" />
    <ClInclude Include="CookingStation\Renderer\Buffer.h" />
    <ClInclude Include="CookingStation\Layers\AssetLayer\AssetManager.h" />
    <ClInclude Include="CookingStation\Layers\AssetLayer\AssetLayer.h" />
    <ClInclude Include="CookingStation\Core\Application.h" />
    <ClInclude Include="CookingStation\Core\ProfileTimer.h" />
    <ClInclude Include="CookingStation\Renderer\Framebuffer.h" />
    <ClInclude Include="CookingStation\Scene\SceneSerializer.h" />
    <ClInclude Include="CookingStation\Layers\CameraLayer\Camera.h" />
    <ClInclude Include="CookingStation\Layers\CameraLayer\CameraLayer.h" />
    <ClInclude Include="CookingStation\Scene\Entity.h" />
    <ClInclude Include="CookingStation\Events\Event.h" />
    <ClInclude Include="CookingStation\Events\KeyEvent.h" />
    <ClInclude Include="CookingStation\Events\MouseEvent.h" />
    <ClInclude Include="CookingStation\Events\WindowEvent.h" />
    <ClInclude Include="CookingStation\Core\Layer.h" />
    <ClInclude Include="CookingStation\Renderer\Shader.h" />
    <ClInclude Include="CookingStation\Core\Window.h" />
    <ClInclude Include="CookingStation\Scene\Scene.h" />
    <ClInclude Include="CookingStation\Scene\ecs.h" />
    <ClInclude Include="CookingStation\Renderer\VertexArray.h" />
    <ClInclude Include="CookingStation\Renderer\RenderCommand.h" />
    <ClInclude Include="CookingStation\Renderer\Renderer.h" />
    <ClInclude Include="CookingStation\Layers\GuiLayer\Gui.h" />
    <ClInclude Include="CookingStation\Layers\GuiLayer\Renderer2D.h" />
    <ClInclude Include="CookingStation\Layers\GuiLayer\Font.h" />
    <ClInclude Include="CookingStation\Layers\GuiLayer\EditorGuiLayer.h" />
    <ClInclude Include="CookingStation\Renderer\ShaderLibrary.h" />
    <ClInclude Include="CookingStation\Layers\RenderLayer\RendererLayer.h" />
    <ClInclude Include="CookingStation\Layers\EditorLayer\EditorLayer.h" />
    <ClInclude Include="CookingStation\Scripts\ConveyorScript.h" />
    <ClInclude Include="CookingStation\Scripts\ItemScript.h" />
    <ClInclude Include="CookingStation\Scripts\RotationScript.h" />
    <ClInclude Include="CookingStation\Scene\SceneManager.h" />
    <ClInclude Include="CookingStation\Layers\GameLayer\GameLayer.h" />
    <ClInclude Include="CookingStation\Layers\HudLayer\HUDLayer.h" />
    <ClInclude Include="CookingStation\Scripts\BeltVisualScript.h" />
    <ClInclude Include="CookingStation\Scripts\ScriptRegistry.h" />
    <ClInclude Include="CookingStation\Scripts\DragAndDropScript.h" />
    <ClInclude Include="CookingStation\Scripts\ParticleEmitterScript.h" />
    <ClInclude Include="CookingStation\Scripts\PlateSpawnerScript.h" />
    <ClInclude Include="CookingStation\Scripts\CustomerManagerScript.h" />
    <ClInclude Include="CookingStation\Scripts\CustomerScript.h" />
    <ClInclude Include="CookingStation\Core\GameProgress.h" />
    <ClInclude Include="CookingStation\Scripts\SteamEmitterScript.h" />
    <ClInclude Include="CookingStation\Renderer\UniformBuffer.h" />
    <ClInclude Include="CookingStation\Scripts\DustEmitterScript.h" />
    <ClInclude Include="CookingStation\Core\VFS\IFileSystem.h" />
    <ClInclude Include="CookingStation\Core\VFS\VFS.h" />
    <ClInclude Include="CookingStation\Renderer\Texture2D.h" />
    <ClInclude Include="CookingStation\Scripts\Quests\DeliveryBoothScript.h" />
    <ClInclude Include="CookingStation\Scripts\HelperCustomerScript.h" />
    <ClInclude Include="CookingStation\Core\VFS\PackageFileSystem.h" />
    <ClInclude Include="CookingStation\Events\EventBus.h" />
    <ClInclude Include="CookingStation\Events\GameEvents.h" />
    <ClInclude Include="CookingStation\Layers\GuiLayer\CarouselUI.h" />
    <ClInclude Include="CookingStation\Scripts\Waiter\WaiterScript.h" />
    <ClInclude Include="CookingStation\Scripts\Waiter\WaiterPickupStationScript.h" />
    <ClInclude Include="CookingStation\Scripts\Machines\MachineScript.h" />
    <ClInclude Include="CookingStation\Scripts\Machines\MixerScript.h" />
    <ClInclude Include="CookingStation\Scripts\Machines\OvenScript.h" />
    <ClInclude Include="CookingStation\Scripts\Machines\PotScript.h" />
  </ItemGroup>
  <ItemGroup>
    <None Include="CookingStation\packages.config" />
    <None Include="CookingStation\Shaders\fragShaders\BlinnPhong.frag" />
    <None Include="CookingStation\Shaders\fragShaders\lightCubeShader.frag" />
    <None Include="CookingStation\Shaders\fragShaders\Rim.frag" />
    <None Include="CookingStation\Shaders\vsShaders\lightCubeShader.vs" />
    <None Include="CookingStation\Shaders\fragShaders\shader.frag" />
    <None Include="CookingStation\Shaders\vsShaders\shader.vs" />
    <None Include="CookingStation\Assets\prefabs\plate.json" />
  </ItemGroup>
</Project>